{
  "version": 4,
  "terraform_version": "1.11.3",
  "serial": 38,
  "lineage": "31c96d46-d045-810c-5270-9bfa7aeefbe8",
  "outputs": {
    "dynamodb_table_name": {
      "value": "my-project-terraform-eks-state-locks",
      "type": "string"
    },
    "instance_id": {
      "value": {
        "ami": "ami-0360c520857e3138f",
        "arn": "arn:aws:ec2:us-east-1:792394825927:instance/i-0855c6134550519c5",
        "associate_public_ip_address": true,
        "availability_zone": "us-east-1a",
        "capacity_reservation_specification": [
          {
            "capacity_reservation_preference": "open",
            "capacity_reservation_target": []
          }
        ],
        "cpu_core_count": 1,
        "cpu_options": [
          {
            "amd_sev_snp": "",
            "core_count": 1,
            "threads_per_core": 2
          }
        ],
        "cpu_threads_per_core": 2,
        "credit_specification": [
          {
            "cpu_credits": "unlimited"
          }
        ],
        "disable_api_stop": false,
        "disable_api_termination": false,
        "ebs_block_device": [],
        "ebs_optimized": false,
        "enable_primary_ipv6": null,
        "enclave_options": [
          {
            "enabled": false
          }
        ],
        "ephemeral_block_device": [],
        "get_password_data": false,
        "hibernation": false,
        "host_id": "",
        "host_resource_group_arn": null,
        "iam_instance_profile": "",
        "id": "i-0855c6134550519c5",
        "instance_initiated_shutdown_behavior": "stop",
        "instance_lifecycle": "",
        "instance_market_options": [],
        "instance_state": "running",
        "instance_type": "t3.medium",
        "ipv6_address_count": 0,
        "ipv6_addresses": [],
        "key_name": "terraform-ec2-key",
        "launch_template": [],
        "maintenance_options": [
          {
            "auto_recovery": "default"
          }
        ],
        "metadata_options": [
          {
            "http_endpoint": "enabled",
            "http_protocol_ipv6": "disabled",
            "http_put_response_hop_limit": 2,
            "http_tokens": "required",
            "instance_metadata_tags": "disabled"
          }
        ],
        "monitoring": false,
        "network_interface": [],
        "outpost_arn": "",
        "password_data": "",
        "placement_group": "",
        "placement_partition_number": 0,
        "primary_network_interface_id": "eni-093a0252b35975b58",
        "private_dns": "ip-172-31-40-214.ec2.internal",
        "private_dns_name_options": [
          {
            "enable_resource_name_dns_a_record": false,
            "enable_resource_name_dns_aaaa_record": false,
            "hostname_type": "ip-name"
          }
        ],
        "private_ip": "172.31.40.214",
        "public_dns": "ec2-98-83-119-124.compute-1.amazonaws.com",
        "public_ip": "98.83.119.124",
        "root_block_device": [
          {
            "delete_on_termination": true,
            "device_name": "/dev/sda1",
            "encrypted": true,
            "iops": 3000,
            "kms_key_id": "arn:aws:kms:us-east-1:792394825927:key/f4770167-072a-4288-876f-c9c89b1be6a9",
            "tags": {},
            "tags_all": {},
            "throughput": 125,
            "volume_id": "vol-0c2abfecefe43b948",
            "volume_size": 50,
            "volume_type": "gp3"
          }
        ],
        "secondary_private_ips": [],
        "security_groups": [
          "terraform-ec2-sg20250915125944045400000001"
        ],
        "source_dest_check": true,
        "spot_instance_request_id": "",
        "subnet_id": "subnet-06a90d67b85654257",
        "tags": {
          "Name": "MyEC2Instance"
        },
        "tags_all": {
          "Name": "MyEC2Instance"
        },
        "tenancy": "default",
        "timeouts": null,
        "user_data": "52cc9fba5e3d684423c6a9406d01f703c9a79bc7",
        "user_data_base64": null,
        "user_data_replace_on_change": false,
        "volume_tags": null,
        "vpc_security_group_ids": [
          "sg-0713292dde3a96091"
        ]
      },
      "type": [
        "object",
        {
          "ami": "string",
          "arn": "string",
          "associate_public_ip_address": "bool",
          "availability_zone": "string",
          "capacity_reservation_specification": [
            "list",
            [
              "object",
              {
                "capacity_reservation_preference": "string",
                "capacity_reservation_target": [
                  "list",
                  [
                    "object",
                    {
                      "capacity_reservation_id": "string",
                      "capacity_reservation_resource_group_arn": "string"
                    }
                  ]
                ]
              }
            ]
          ],
          "cpu_core_count": "number",
          "cpu_options": [
            "list",
            [
              "object",
              {
                "amd_sev_snp": "string",
                "core_count": "number",
                "threads_per_core": "number"
              }
            ]
          ],
          "cpu_threads_per_core": "number",
          "credit_specification": [
            "list",
            [
              "object",
              {
                "cpu_credits": "string"
              }
            ]
          ],
          "disable_api_stop": "bool",
          "disable_api_termination": "bool",
          "ebs_block_device": [
            "set",
            [
              "object",
              {
                "delete_on_termination": "bool",
                "device_name": "string",
                "encrypted": "bool",
                "iops": "number",
                "kms_key_id": "string",
                "snapshot_id": "string",
                "tags": [
                  "map",
                  "string"
                ],
                "tags_all": [
                  "map",
                  "string"
                ],
                "throughput": "number",
                "volume_id": "string",
                "volume_size": "number",
                "volume_type": "string"
              }
            ]
          ],
          "ebs_optimized": "bool",
          "enable_primary_ipv6": "bool",
          "enclave_options": [
            "list",
            [
              "object",
              {
                "enabled": "bool"
              }
            ]
          ],
          "ephemeral_block_device": [
            "set",
            [
              "object",
              {
                "device_name": "string",
                "no_device": "bool",
                "virtual_name": "string"
              }
            ]
          ],
          "get_password_data": "bool",
          "hibernation": "bool",
          "host_id": "string",
          "host_resource_group_arn": "string",
          "iam_instance_profile": "string",
          "id": "string",
          "instance_initiated_shutdown_behavior": "string",
          "instance_lifecycle": "string",
          "instance_market_options": [
            "list",
            [
              "object",
              {
                "market_type": "string",
                "spot_options": [
                  "list",
                  [
                    "object",
                    {
                      "instance_interruption_behavior": "string",
                      "max_price": "string",
                      "spot_instance_type": "string",
                      "valid_until": "string"
                    }
                  ]
                ]
              }
            ]
          ],
          "instance_state": "string",
          "instance_type": "string",
          "ipv6_address_count": "number",
          "ipv6_addresses": [
            "list",
            "string"
          ],
          "key_name": "string",
          "launch_template": [
            "list",
            [
              "object",
              {
                "id": "string",
                "name": "string",
                "version": "string"
              }
            ]
          ],
          "maintenance_options": [
            "list",
            [
              "object",
              {
                "auto_recovery": "string"
              }
            ]
          ],
          "metadata_options": [
            "list",
            [
              "object",
              {
                "http_endpoint": "string",
                "http_protocol_ipv6": "string",
                "http_put_response_hop_limit": "number",
                "http_tokens": "string",
                "instance_metadata_tags": "string"
              }
            ]
          ],
          "monitoring": "bool",
          "network_interface": [
            "set",
            [
              "object",
              {
                "delete_on_termination": "bool",
                "device_index": "number",
                "network_card_index": "number",
                "network_interface_id": "string"
              }
            ]
          ],
          "outpost_arn": "string",
          "password_data": "string",
          "placement_group": "string",
          "placement_partition_number": "number",
          "primary_network_interface_id": "string",
          "private_dns": "string",
          "private_dns_name_options": [
            "list",
            [
              "object",
              {
                "enable_resource_name_dns_a_record": "bool",
                "enable_resource_name_dns_aaaa_record": "bool",
                "hostname_type": "string"
              }
            ]
          ],
          "private_ip": "string",
          "public_dns": "string",
          "public_ip": "string",
          "root_block_device": [
            "list",
            [
              "object",
              {
                "delete_on_termination": "bool",
                "device_name": "string",
                "encrypted": "bool",
                "iops": "number",
                "kms_key_id": "string",
                "tags": [
                  "map",
                  "string"
                ],
                "tags_all": [
                  "map",
                  "string"
                ],
                "throughput": "number",
                "volume_id": "string",
                "volume_size": "number",
                "volume_type": "string"
              }
            ]
          ],
          "secondary_private_ips": [
            "set",
            "string"
          ],
          "security_groups": [
            "set",
            "string"
          ],
          "source_dest_check": "bool",
          "spot_instance_request_id": "string",
          "subnet_id": "string",
          "tags": [
            "map",
            "string"
          ],
          "tags_all": [
            "map",
            "string"
          ],
          "tenancy": "string",
          "timeouts": [
            "object",
            {
              "create": "string",
              "delete": "string",
              "read": "string",
              "update": "string"
            }
          ],
          "user_data": "string",
          "user_data_base64": "string",
          "user_data_replace_on_change": "bool",
          "volume_tags": [
            "map",
            "string"
          ],
          "vpc_security_group_ids": [
            "set",
            "string"
          ]
        }
      ]
    },
    "nametag": {
      "value": "MyEC2Instance",
      "type": "string"
    },
    "public_ip": {
      "value": {
        "ami": "ami-0360c520857e3138f",
        "arn": "arn:aws:ec2:us-east-1:792394825927:instance/i-0855c6134550519c5",
        "associate_public_ip_address": true,
        "availability_zone": "us-east-1a",
        "capacity_reservation_specification": [
          {
            "capacity_reservation_preference": "open",
            "capacity_reservation_target": []
          }
        ],
        "cpu_core_count": 1,
        "cpu_options": [
          {
            "amd_sev_snp": "",
            "core_count": 1,
            "threads_per_core": 2
          }
        ],
        "cpu_threads_per_core": 2,
        "credit_specification": [
          {
            "cpu_credits": "unlimited"
          }
        ],
        "disable_api_stop": false,
        "disable_api_termination": false,
        "ebs_block_device": [],
        "ebs_optimized": false,
        "enable_primary_ipv6": null,
        "enclave_options": [
          {
            "enabled": false
          }
        ],
        "ephemeral_block_device": [],
        "get_password_data": false,
        "hibernation": false,
        "host_id": "",
        "host_resource_group_arn": null,
        "iam_instance_profile": "",
        "id": "i-0855c6134550519c5",
        "instance_initiated_shutdown_behavior": "stop",
        "instance_lifecycle": "",
        "instance_market_options": [],
        "instance_state": "running",
        "instance_type": "t3.medium",
        "ipv6_address_count": 0,
        "ipv6_addresses": [],
        "key_name": "terraform-ec2-key",
        "launch_template": [],
        "maintenance_options": [
          {
            "auto_recovery": "default"
          }
        ],
        "metadata_options": [
          {
            "http_endpoint": "enabled",
            "http_protocol_ipv6": "disabled",
            "http_put_response_hop_limit": 2,
            "http_tokens": "required",
            "instance_metadata_tags": "disabled"
          }
        ],
        "monitoring": false,
        "network_interface": [],
        "outpost_arn": "",
        "password_data": "",
        "placement_group": "",
        "placement_partition_number": 0,
        "primary_network_interface_id": "eni-093a0252b35975b58",
        "private_dns": "ip-172-31-40-214.ec2.internal",
        "private_dns_name_options": [
          {
            "enable_resource_name_dns_a_record": false,
            "enable_resource_name_dns_aaaa_record": false,
            "hostname_type": "ip-name"
          }
        ],
        "private_ip": "172.31.40.214",
        "public_dns": "ec2-98-83-119-124.compute-1.amazonaws.com",
        "public_ip": "98.83.119.124",
        "root_block_device": [
          {
            "delete_on_termination": true,
            "device_name": "/dev/sda1",
            "encrypted": true,
            "iops": 3000,
            "kms_key_id": "arn:aws:kms:us-east-1:792394825927:key/f4770167-072a-4288-876f-c9c89b1be6a9",
            "tags": {},
            "tags_all": {},
            "throughput": 125,
            "volume_id": "vol-0c2abfecefe43b948",
            "volume_size": 50,
            "volume_type": "gp3"
          }
        ],
        "secondary_private_ips": [],
        "security_groups": [
          "terraform-ec2-sg20250915125944045400000001"
        ],
        "source_dest_check": true,
        "spot_instance_request_id": "",
        "subnet_id": "subnet-06a90d67b85654257",
        "tags": {
          "Name": "MyEC2Instance"
        },
        "tags_all": {
          "Name": "MyEC2Instance"
        },
        "tenancy": "default",
        "timeouts": null,
        "user_data": "52cc9fba5e3d684423c6a9406d01f703c9a79bc7",
        "user_data_base64": null,
        "user_data_replace_on_change": false,
        "volume_tags": null,
        "vpc_security_group_ids": [
          "sg-0713292dde3a96091"
        ]
      },
      "type": [
        "object",
        {
          "ami": "string",
          "arn": "string",
          "associate_public_ip_address": "bool",
          "availability_zone": "string",
          "capacity_reservation_specification": [
            "list",
            [
              "object",
              {
                "capacity_reservation_preference": "string",
                "capacity_reservation_target": [
                  "list",
                  [
                    "object",
                    {
                      "capacity_reservation_id": "string",
                      "capacity_reservation_resource_group_arn": "string"
                    }
                  ]
                ]
              }
            ]
          ],
          "cpu_core_count": "number",
          "cpu_options": [
            "list",
            [
              "object",
              {
                "amd_sev_snp": "string",
                "core_count": "number",
                "threads_per_core": "number"
              }
            ]
          ],
          "cpu_threads_per_core": "number",
          "credit_specification": [
            "list",
            [
              "object",
              {
                "cpu_credits": "string"
              }
            ]
          ],
          "disable_api_stop": "bool",
          "disable_api_termination": "bool",
          "ebs_block_device": [
            "set",
            [
              "object",
              {
                "delete_on_termination": "bool",
                "device_name": "string",
                "encrypted": "bool",
                "iops": "number",
                "kms_key_id": "string",
                "snapshot_id": "string",
                "tags": [
                  "map",
                  "string"
                ],
                "tags_all": [
                  "map",
                  "string"
                ],
                "throughput": "number",
                "volume_id": "string",
                "volume_size": "number",
                "volume_type": "string"
              }
            ]
          ],
          "ebs_optimized": "bool",
          "enable_primary_ipv6": "bool",
          "enclave_options": [
            "list",
            [
              "object",
              {
                "enabled": "bool"
              }
            ]
          ],
          "ephemeral_block_device": [
            "set",
            [
              "object",
              {
                "device_name": "string",
                "no_device": "bool",
                "virtual_name": "string"
              }
            ]
          ],
          "get_password_data": "bool",
          "hibernation": "bool",
          "host_id": "string",
          "host_resource_group_arn": "string",
          "iam_instance_profile": "string",
          "id": "string",
          "instance_initiated_shutdown_behavior": "string",
          "instance_lifecycle": "string",
          "instance_market_options": [
            "list",
            [
              "object",
              {
                "market_type": "string",
                "spot_options": [
                  "list",
                  [
                    "object",
                    {
                      "instance_interruption_behavior": "string",
                      "max_price": "string",
                      "spot_instance_type": "string",
                      "valid_until": "string"
                    }
                  ]
                ]
              }
            ]
          ],
          "instance_state": "string",
          "instance_type": "string",
          "ipv6_address_count": "number",
          "ipv6_addresses": [
            "list",
            "string"
          ],
          "key_name": "string",
          "launch_template": [
            "list",
            [
              "object",
              {
                "id": "string",
                "name": "string",
                "version": "string"
              }
            ]
          ],
          "maintenance_options": [
            "list",
            [
              "object",
              {
                "auto_recovery": "string"
              }
            ]
          ],
          "metadata_options": [
            "list",
            [
              "object",
              {
                "http_endpoint": "string",
                "http_protocol_ipv6": "string",
                "http_put_response_hop_limit": "number",
                "http_tokens": "string",
                "instance_metadata_tags": "string"
              }
            ]
          ],
          "monitoring": "bool",
          "network_interface": [
            "set",
            [
              "object",
              {
                "delete_on_termination": "bool",
                "device_index": "number",
                "network_card_index": "number",
                "network_interface_id": "string"
              }
            ]
          ],
          "outpost_arn": "string",
          "password_data": "string",
          "placement_group": "string",
          "placement_partition_number": "number",
          "primary_network_interface_id": "string",
          "private_dns": "string",
          "private_dns_name_options": [
            "list",
            [
              "object",
              {
                "enable_resource_name_dns_a_record": "bool",
                "enable_resource_name_dns_aaaa_record": "bool",
                "hostname_type": "string"
              }
            ]
          ],
          "private_ip": "string",
          "public_dns": "string",
          "public_ip": "string",
          "root_block_device": [
            "list",
            [
              "object",
              {
                "delete_on_termination": "bool",
                "device_name": "string",
                "encrypted": "bool",
                "iops": "number",
                "kms_key_id": "string",
                "tags": [
                  "map",
                  "string"
                ],
                "tags_all": [
                  "map",
                  "string"
                ],
                "throughput": "number",
                "volume_id": "string",
                "volume_size": "number",
                "volume_type": "string"
              }
            ]
          ],
          "secondary_private_ips": [
            "set",
            "string"
          ],
          "security_groups": [
            "set",
            "string"
          ],
          "source_dest_check": "bool",
          "spot_instance_request_id": "string",
          "subnet_id": "string",
          "tags": [
            "map",
            "string"
          ],
          "tags_all": [
            "map",
            "string"
          ],
          "tenancy": "string",
          "timeouts": [
            "object",
            {
              "create": "string",
              "delete": "string",
              "read": "string",
              "update": "string"
            }
          ],
          "user_data": "string",
          "user_data_base64": "string",
          "user_data_replace_on_change": "bool",
          "volume_tags": [
            "map",
            "string"
          ],
          "vpc_security_group_ids": [
            "set",
            "string"
          ]
        }
      ]
    },
    "s3_bucket_name": {
      "value": "my-project-terraform-eks-state-s3-bucket",
      "type": "string"
    }
  },
  "resources": [
    {
      "mode": "data",
      "type": "aws_subnet",
      "name": "default",
      "provider": "provider[\"registry.terraform.io/hashicorp/aws\"]",
      "instances": [
        {
          "schema_version": 0,
          "attributes": {
            "arn": "arn:aws:ec2:us-east-1:792394825927:subnet/subnet-06a90d67b85654257",
            "assign_ipv6_address_on_creation": false,
            "availability_zone": "us-east-1a",
            "availability_zone_id": "use1-az6",
            "available_ip_address_count": 4090,
            "cidr_block": "172.31.32.0/20",
            "customer_owned_ipv4_pool": "",
            "default_for_az": true,
            "enable_dns64": false,
            "enable_lni_at_device_index": 0,
            "enable_resource_name_dns_a_record_on_launch": false,
            "enable_resource_name_dns_aaaa_record_on_launch": false,
            "filter": null,
            "id": "subnet-06a90d67b85654257",
            "ipv6_cidr_block": "",
            "ipv6_cidr_block_association_id": "",
            "ipv6_native": false,
            "map_customer_owned_ip_on_launch": false,
            "map_public_ip_on_launch": true,
            "outpost_arn": "",
            "owner_id": "792394825927",
            "private_dns_hostname_type_on_launch": "ip-name",
            "state": "available",
            "tags": {},
            "timeouts": null,
            "vpc_id": "vpc-00b0bc890bd68a38b"
          },
          "sensitive_attributes": []
        }
      ]
    },
    {
      "mode": "data",
      "type": "aws_vpc",
      "name": "default",
      "provider": "provider[\"registry.terraform.io/hashicorp/aws\"]",
      "instances": [
        {
          "schema_version": 0,
          "attributes": {
            "arn": "arn:aws:ec2:us-east-1:792394825927:vpc/vpc-00b0bc890bd68a38b",
            "cidr_block": "172.31.0.0/16",
            "cidr_block_associations": [
              {
                "association_id": "vpc-cidr-assoc-0cc469817511ba6f7",
                "cidr_block": "172.31.0.0/16",
                "state": "associated"
              }
            ],
            "default": true,
            "dhcp_options_id": "dopt-0f2c833e56983551b",
            "enable_dns_hostnames": true,
            "enable_dns_support": true,
            "enable_network_address_usage_metrics": false,
            "filter": null,
            "id": "vpc-00b0bc890bd68a38b",
            "instance_tenancy": "default",
            "ipv6_association_id": "",
            "ipv6_cidr_block": "",
            "main_route_table_id": "rtb-036600a2c4464b4b3",
            "owner_id": "792394825927",
            "state": null,
            "tags": {},
            "timeouts": null
          },
          "sensitive_attributes": []
        }
      ]
    },
    {
      "mode": "managed",
      "type": "aws_dynamodb_table",
      "name": "terraform_locks",
      "provider": "provider[\"registry.terraform.io/hashicorp/aws\"]",
      "instances": [
        {
          "schema_version": 1,
          "attributes": {
            "arn": "arn:aws:dynamodb:us-east-1:792394825927:table/my-project-terraform-eks-state-locks",
            "attribute": [
              {
                "name": "LockID",
                "type": "S"
              }
            ],
            "billing_mode": "PAY_PER_REQUEST",
            "deletion_protection_enabled": false,
            "global_secondary_index": [],
            "hash_key": "LockID",
            "id": "my-project-terraform-eks-state-locks",
            "import_table": [],
            "local_secondary_index": [],
            "name": "my-project-terraform-eks-state-locks",
            "on_demand_throughput": [],
            "point_in_time_recovery": [
              {
                "enabled": false
              }
            ],
            "range_key": null,
            "read_capacity": 0,
            "replica": [],
            "restore_date_time": null,
            "restore_source_name": null,
            "restore_source_table_arn": null,
            "restore_to_latest_time": null,
            "server_side_encryption": [],
            "stream_arn": "",
            "stream_enabled": false,
            "stream_label": "",
            "stream_view_type": "",
            "table_class": "STANDARD",
            "tags": {},
            "tags_all": {},
            "timeouts": null,
            "ttl": [
              {
                "attribute_name": "",
                "enabled": false
              }
            ],
            "write_capacity": 0
          },
          "sensitive_attributes": [],
          "private": "eyJlMmJmYjczMC1lY2FhLTExZTYtOGY4OC0zNDM2M2JjN2M0YzAiOnsiY3JlYXRlIjoxODAwMDAwMDAwMDAwLCJkZWxldGUiOjYwMDAwMDAwMDAwMCwidXBkYXRlIjozNjAwMDAwMDAwMDAwfSwic2NoZW1hX3ZlcnNpb24iOiIxIn0="
        }
      ]
    },
    {
      "mode": "managed",
      "type": "aws_instance",
      "name": "ec2_instance",
      "provider": "provider[\"registry.terraform.io/hashicorp/aws\"]",
      "instances": [
        {
          "schema_version": 1,
          "attributes": {
            "ami": "ami-0360c520857e3138f",
            "arn": "arn:aws:ec2:us-east-1:792394825927:instance/i-0855c6134550519c5",
            "associate_public_ip_address": true,
            "availability_zone": "us-east-1a",
            "capacity_reservation_specification": [
              {
                "capacity_reservation_preference": "open",
                "capacity_reservation_target": []
              }
            ],
            "cpu_core_count": 1,
            "cpu_options": [
              {
                "amd_sev_snp": "",
                "core_count": 1,
                "threads_per_core": 2
              }
            ],
            "cpu_threads_per_core": 2,
            "credit_specification": [
              {
                "cpu_credits": "unlimited"
              }
            ],
            "disable_api_stop": false,
            "disable_api_termination": false,
            "ebs_block_device": [],
            "ebs_optimized": false,
            "enable_primary_ipv6": null,
            "enclave_options": [
              {
                "enabled": false
              }
            ],
            "ephemeral_block_device": [],
            "get_password_data": false,
            "hibernation": false,
            "host_id": "",
            "host_resource_group_arn": null,
            "iam_instance_profile": "",
            "id": "i-0855c6134550519c5",
            "instance_initiated_shutdown_behavior": "stop",
            "instance_lifecycle": "",
            "instance_market_options": [],
            "instance_state": "running",
            "instance_type": "t3.medium",
            "ipv6_address_count": 0,
            "ipv6_addresses": [],
            "key_name": "terraform-ec2-key",
            "launch_template": [],
            "maintenance_options": [
              {
                "auto_recovery": "default"
              }
            ],
            "metadata_options": [
              {
                "http_endpoint": "enabled",
                "http_protocol_ipv6": "disabled",
                "http_put_response_hop_limit": 2,
                "http_tokens": "required",
                "instance_metadata_tags": "disabled"
              }
            ],
            "monitoring": false,
            "network_interface": [],
            "outpost_arn": "",
            "password_data": "",
            "placement_group": "",
            "placement_partition_number": 0,
            "primary_network_interface_id": "eni-093a0252b35975b58",
            "private_dns": "ip-172-31-40-214.ec2.internal",
            "private_dns_name_options": [
              {
                "enable_resource_name_dns_a_record": false,
                "enable_resource_name_dns_aaaa_record": false,
                "hostname_type": "ip-name"
              }
            ],
            "private_ip": "172.31.40.214",
            "public_dns": "ec2-52-55-255-61.compute-1.amazonaws.com",
            "public_ip": "52.55.255.61",
            "root_block_device": [
              {
                "delete_on_termination": true,
                "device_name": "/dev/sda1",
                "encrypted": true,
                "iops": 3000,
                "kms_key_id": "arn:aws:kms:us-east-1:792394825927:key/f4770167-072a-4288-876f-c9c89b1be6a9",
                "tags": {},
                "tags_all": {},
                "throughput": 125,
                "volume_id": "vol-0c2abfecefe43b948",
                "volume_size": 50,
                "volume_type": "gp3"
              }
            ],
            "secondary_private_ips": [],
            "security_groups": [
              "terraform-ec2-sg20250915125944045400000001"
            ],
            "source_dest_check": true,
            "spot_instance_request_id": "",
            "subnet_id": "subnet-06a90d67b85654257",
            "tags": {
              "Name": "MyEC2Instance"
            },
            "tags_all": {
              "Name": "MyEC2Instance"
            },
            "tenancy": "default",
            "timeouts": null,
            "user_data": "52cc9fba5e3d684423c6a9406d01f703c9a79bc7",
            "user_data_base64": null,
            "user_data_replace_on_change": false,
            "volume_tags": null,
            "vpc_security_group_ids": [
              "sg-0713292dde3a96091"
            ]
          },
          "sensitive_attributes": [],
          "private": "eyJlMmJmYjczMC1lY2FhLTExZTYtOGY4OC0zNDM2M2JjN2M0YzAiOnsiY3JlYXRlIjo2MDAwMDAwMDAwMDAsImRlbGV0ZSI6MTIwMDAwMDAwMDAwMCwicmVhZCI6OTAwMDAwMDAwMDAwLCJ1cGRhdGUiOjYwMDAwMDAwMDAwMH0sInNjaGVtYV92ZXJzaW9uIjoiMSJ9",
          "dependencies": [
            "aws_key_pair.ec2_key_pair",
            "aws_security_group.ec2_sg",
            "data.aws_subnet.default",
            "data.aws_vpc.default",
            "tls_private_key.ec2_key"
          ]
        }
      ]
    },
    {
      "mode": "managed",
      "type": "aws_key_pair",
      "name": "ec2_key_pair",
      "provider": "provider[\"registry.terraform.io/hashicorp/aws\"]",
      "instances": [
        {
          "schema_version": 1,
          "attributes": {
            "arn": "arn:aws:ec2:us-east-1:792394825927:key-pair/terraform-ec2-key",
            "fingerprint": "aa:9a:4e:59:d0:71:44:cc:de:9e:9e:75:f8:5c:a9:a8",
            "id": "terraform-ec2-key",
            "key_name": "terraform-ec2-key",
            "key_name_prefix": "",
            "key_pair_id": "key-0ee61aee63b012c7c",
            "key_type": "rsa",
            "public_key": "ssh-rsa AAAAB3NzaC1yc2EAAAADAQABAAACAQC5eFHVHKhU2DQ7gtcK3jhBLhdfeihpZ7ieOC1sL/MBG0h89Dme+bjdMfGcoRKjXRB9fowgGNdCkWt+VMEPXVdEuZqxozuN2vxsNm/jN+wsicaQJCIzhBSYVuuLCs6icRKDZxW46GfjXtj6oT9OgiGtnJ28Oc89TBM6OjDB58qOc4xPq9YZ357iPsgWXlqqIOT0SfJx9TsugEkvxAfIz+xIy7Rq0HJ38vIYDUEAcZHgHGzWukU+141SxElfELJWNshEs69JaE9XleyNfSG8pd1ipELDoUYh4FQVWTn9s6mIa1Urebzle6i2UaTtpd8S33pXYCoWscfeElm+qAsLE5iXJWHoLrOf399Jzp9xugnw8pWp49SMrOMP4CeJ+fiIjITgeglDhQOQNqmmZX38HwuHRFdUG04aCC9ne72Wx3vfIf0U2WGoqUIQJ8kmlU/tkiyr/a2d0ALE1zOX85GXVeIrKd7KZDzs1FMrF2keEKSUgmLdGK786Hziq2chgf0c682HqaEy4pnj0xH/8Gc6fsR02dv8XbRU/oBnqF4CIdBiA/PMIb0fDZ2YbYFtf+i2tNA46vpWuKU3zVTiNDCHk3o/fPrgJV/WZDoH34eNziKZjeAMTjvtg6JZBPOaMxfFd4VIp4jvLYTnsyVw7hF6JPnnDgcan5ORAE9rVzNsBUO/wQ==",
            "tags": {
              "Name": "terraform-ec2-key"
            },
            "tags_all": {
              "Name": "terraform-ec2-key"
            }
          },
          "sensitive_attributes": [],
          "private": "eyJzY2hlbWFfdmVyc2lvbiI6IjEifQ==",
          "dependencies": [
            "tls_private_key.ec2_key"
          ]
        }
      ]
    },
    {
      "mode": "managed",
      "type": "aws_s3_bucket",
      "name": "terraform_state",
      "provider": "provider[\"registry.terraform.io/hashicorp/aws\"]",
      "instances": [
        {
          "schema_version": 0,
          "attributes": {
            "acceleration_status": "",
            "acl": null,
            "arn": "arn:aws:s3:::my-project-terraform-eks-state-s3-bucket",
            "bucket": "my-project-terraform-eks-state-s3-bucket",
            "bucket_domain_name": "my-project-terraform-eks-state-s3-bucket.s3.amazonaws.com",
            "bucket_prefix": "",
            "bucket_regional_domain_name": "my-project-terraform-eks-state-s3-bucket.s3.us-east-1.amazonaws.com",
            "cors_rule": [],
            "force_destroy": false,
            "grant": [
              {
                "id": "820e4dff86c9ca7e5fce418bbfd2f8a0c8be128e450ad9cba6cfe3495badeea6",
                "permissions": [
                  "FULL_CONTROL"
                ],
                "type": "CanonicalUser",
                "uri": ""
              }
            ],
            "hosted_zone_id": "Z3AQBSTGFYJSTF",
            "id": "my-project-terraform-eks-state-s3-bucket",
            "lifecycle_rule": [],
            "logging": [],
            "object_lock_configuration": [],
            "object_lock_enabled": false,
            "policy": "",
            "region": "us-east-1",
            "replication_configuration": [],
            "request_payer": "BucketOwner",
            "server_side_encryption_configuration": [
              {
                "rule": [
                  {
                    "apply_server_side_encryption_by_default": [
                      {
                        "kms_master_key_id": "",
                        "sse_algorithm": "AES256"
                      }
                    ],
                    "bucket_key_enabled": false
                  }
                ]
              }
            ],
            "tags": {},
            "tags_all": {},
            "timeouts": null,
            "versioning": [
              {
                "enabled": true,
                "mfa_delete": false
              }
            ],
            "website": [],
            "website_domain": null,
            "website_endpoint": null
          },
          "sensitive_attributes": [],
          "private": "eyJlMmJmYjczMC1lY2FhLTExZTYtOGY4OC0zNDM2M2JjN2M0YzAiOnsiY3JlYXRlIjoxMjAwMDAwMDAwMDAwLCJkZWxldGUiOjM2MDAwMDAwMDAwMDAsInJlYWQiOjEyMDAwMDAwMDAwMDAsInVwZGF0ZSI6MTIwMDAwMDAwMDAwMH19"
        }
      ]
    },
    {
      "mode": "managed",
      "type": "aws_s3_bucket_server_side_encryption_configuration",
      "name": "terraform_state",
      "provider": "provider[\"registry.terraform.io/hashicorp/aws\"]",
      "instances": [
        {
          "schema_version": 0,
          "attributes": {
            "bucket": "my-project-terraform-eks-state-s3-bucket",
            "expected_bucket_owner": "",
            "id": "my-project-terraform-eks-state-s3-bucket",
            "rule": [
              {
                "apply_server_side_encryption_by_default": [
                  {
                    "kms_master_key_id": "",
                    "sse_algorithm": "AES256"
                  }
                ],
                "bucket_key_enabled": false
              }
            ]
          },
          "sensitive_attributes": [],
          "private": "bnVsbA==",
          "dependencies": [
            "aws_s3_bucket.terraform_state"
          ]
        }
      ]
    },
    {
      "mode": "managed",
      "type": "aws_s3_bucket_versioning",
      "name": "terraform_state",
      "provider": "provider[\"registry.terraform.io/hashicorp/aws\"]",
      "instances": [
        {
          "schema_version": 0,
          "attributes": {
            "bucket": "my-project-terraform-eks-state-s3-bucket",
            "expected_bucket_owner": "",
            "id": "my-project-terraform-eks-state-s3-bucket",
            "mfa": null,
            "versioning_configuration": [
              {
                "mfa_delete": "",
                "status": "Enabled"
              }
            ]
          },
          "sensitive_attributes": [],
          "private": "bnVsbA==",
          "dependencies": [
            "aws_s3_bucket.terraform_state"
          ]
        }
      ]
    },
    {
      "mode": "managed",
      "type": "aws_security_group",
      "name": "ec2_sg",
      "provider": "provider[\"registry.terraform.io/hashicorp/aws\"]",
      "instances": [
        {
          "schema_version": 1,
          "attributes": {
            "arn": "arn:aws:ec2:us-east-1:792394825927:security-group/sg-0713292dde3a96091",
            "description": "Security group for EC2 instance",
            "egress": [
              {
                "cidr_blocks": [
                  "0.0.0.0/0"
                ],
                "description": "All outbound traffic",
                "from_port": 0,
                "ipv6_cidr_blocks": [],
                "prefix_list_ids": [],
                "protocol": "-1",
                "security_groups": [],
                "self": false,
                "to_port": 0
              }
            ],
            "id": "sg-0713292dde3a96091",
            "ingress": [
              {
                "cidr_blocks": [
                  "0.0.0.0/0"
                ],
                "description": "HTTP access",
                "from_port": 80,
                "ipv6_cidr_blocks": [],
                "prefix_list_ids": [],
                "protocol": "tcp",
                "security_groups": [],
                "self": false,
                "to_port": 80
              },
              {
                "cidr_blocks": [
                  "0.0.0.0/0"
                ],
                "description": "HTTPS access",
                "from_port": 443,
                "ipv6_cidr_blocks": [],
                "prefix_list_ids": [],
                "protocol": "tcp",
                "security_groups": [],
                "self": false,
                "to_port": 443
              },
              {
                "cidr_blocks": [
                  "0.0.0.0/0"
                ],
                "description": "SSH access",
                "from_port": 22,
                "ipv6_cidr_blocks": [],
                "prefix_list_ids": [],
                "protocol": "tcp",
                "security_groups": [],
                "self": false,
                "to_port": 22
              }
            ],
            "name": "terraform-ec2-sg20250915125944045400000001",
            "name_prefix": "terraform-ec2-sg",
            "owner_id": "792394825927",
            "revoke_rules_on_delete": false,
            "tags": {
              "Name": "terraform-ec2-sg"
            },
            "tags_all": {
              "Name": "terraform-ec2-sg"
            },
            "timeouts": null,
            "vpc_id": "vpc-00b0bc890bd68a38b"
          },
          "sensitive_attributes": [],
          "private": "eyJlMmJmYjczMC1lY2FhLTExZTYtOGY4OC0zNDM2M2JjN2M0YzAiOnsiY3JlYXRlIjo2MDAwMDAwMDAwMDAsImRlbGV0ZSI6OTAwMDAwMDAwMDAwfSwic2NoZW1hX3ZlcnNpb24iOiIxIn0=",
          "dependencies": [
            "data.aws_vpc.default"
          ]
        }
      ]
    },
    {
      "mode": "managed",
      "type": "local_file",
      "name": "private_key",
      "provider": "provider[\"registry.terraform.io/hashicorp/local\"]",
      "instances": [
        {
          "schema_version": 0,
          "attributes": {
            "content": "-----BEGIN RSA PRIVATE KEY-----\nMIIJKAIBAAKCAgEAuXhR1RyoVNg0O4LXCt44QS4XX3ooaWe4njgtbC/zARtIfPQ5\nnvm43THxnKESo10QfX6MIBjXQpFrflTBD11XRLmasaM7jdr8bDZv4zfsLInGkCQi\nM4QUmFbriwrOonESg2cVuOhn417Y+qE/ToIhrZydvDnPPUwTOjowwefKjnOMT6vW\nGd+e4j7IFl5aqiDk9EnycfU7LoBJL8QHyM/sSMu0atByd/LyGA1BAHGR4Bxs1rpF\nPteNUsRJXxCyVjbIRLOvSWhPV5XsjX0hvKXdYqRCw6FGIeBUFVk5/bOpiGtVK3m8\n5XuotlGk7aXfEt96V2AqFrHH3hJZvqgLCxOYlyVh6C6zn9/fSc6fcboJ8PKVqePU\njKzjD+Anifn4iIyE4HoJQ4UDkDappmV9/B8Lh0RXVBtOGggvZ3u9lsd73yH9FNlh\nqKlCECfJJpVP7ZIsq/2tndACxNczl/ORl1XiKyneymQ87NRTKxdpHhCklIJi3Riu\n/Oh84qtnIYH9HOvNh6mhMuKZ49MR//BnOn7EdNnb/F20VP6AZ6heAiHQYgPzzCG9\nHw2dmG2BbX/otrTQOOr6VrilN81U4jQwh5N6P3z64CVf1mQ6B9+Hjc4imY3gDE47\n7YOiWQTzmjMXxXeFSKeI7y2E57MlcO4ReiT55w4HGp+TkQBPa1czbAVDv8ECAwEA\nAQKCAgATCfJgjY4ME5udBkvb3j7pFfmpP+l5FIAjocGr6uonkWzqAsoNczYSYsea\nHADFS07fiweIXfRu7W2a7Mlaseq8786c8JQy9ilWVGo86WcxlT0QW90065iPoNCS\nF9xpWXEckw7sSdMsSHa+l6HfhcU+RKb+hPKsqKwKnKGXrhshb2QWY53ZTxbIw8gX\nX70v3KuUFikwoItgNSQOJrHj39AyEtMk6dvuSz6l0Gp9SKtAVbqoejuUfV0RA3xC\nqXydFAeP4eAbCX2nkIjVZ2R4sJAeyZze5yXDYXtQK7YjwHclPVtjWJ5W8lA50vy6\ntn3FOrKc2I7JgJtzRO/4fdiQXQUbRdgdzLzfPMaT6/mvwmfPcjQfrTwuh1jQfJ7r\n3O/LanTSpFk2pWWGruY/wg/G7wEs+eCGqSlz/c+fhBcmjS0GVLnn66Y1bJeL6ujP\nBfy34aJ3y33ek4CPz9GkRKcSs5dX4mS6YOkHm7sJtFB5LSV7b9vfm0iSKvjkYLGB\nTiPRGgNH94SNpFKLf4i4zOFvuTvfng5ABKtsrA750fD5au8A2P+Y9QvbSl+9GkmL\nNDR2DbLyrtyc7Zqrm6B71vR1yBldsaibnEiAjFRh/SW87bXYBTWG4TnOB1sOp6Zi\nlBZa7TbJqmfyWuDwirJYLB+Dde5GxEJpZa7CKR1U1/Wfy1VcPwKCAQEAwTMHav/3\nTtrqvOIIXoD+Asz8fUdKl/+pddb9Yf8x8jQ9wt4WRktHxY/ZCYYMRkOD7LmsRf4E\nXZBN/HRcMScsSz1xG30MpvJ6cxK5iw78OWbuTSqx3+xfzyh24WSdVh1QthICJFTu\nhT8tdfwkXvMvCSfyufYakirreJPxnSAWOlpmPn1vGU68rorqfeBWdgzX1LbhMFcN\neZ8XFG9PrGLBn8aMBypp1Lsk/RwHw/EdP8rzi+Wtaz/caij/5hJgBMGkqspH8E4q\n+Kksu+JWcL6Iv2q4lwR8KruFDWswDiTRuEkw4FDaQ2MYA0w6i5N1q41rOKWBTqG4\nTLjL081JBmFb1wKCAQEA9cIZQmRWohwb2NjM9QmEEcMqDD0qgb6DpGy6VqaAxlU8\neu/GzYGd/LztrFqIJG0RUxtEL1diisRXP6yso1KueObFdFUDtd0txDXi4NL0y8/K\nImDJJLptneqDv+lhoSsGpEF/rYBunJrj6Zri6ju76p2WcEu7SxyB1y3nqhE00dFt\nEzfQAYdIeVHkbncdKe8BPBkiwLT1fzlCYygWBvuqtBvS7MidqKT6Qk8A8Sie36AX\n2TgFNeUEFUFAfPMIH6iSyn3elwz1HaLrQOFbFEzYPTCoTCEJ/WaIXgHojoKLMcPy\nIvqitLHc8W/Prnn/7dsw1IStdieGoGQcEWTj7L8OJwKCAQEAh7ttG7xnKExfHIKE\ntLhVPOx8+xsKCg3BJZv8ekvK8EnJlk1nQs2CyAbOyYUWvIqUdczgfm/+6ykF0TaC\nyrmlwdqRy2koaWXzp0LhfhPyGfX5t9cmDpbHnQfltWZ1r1l7Kd8vCA1vYcfIDZsu\nhlK9meYp/oIrmsNymUz/M4+mbiqyqHaBhjsuDkZkhjkFJXzSaYxuWwLd4bNmiKHH\nTOo49CKOoD4pCh7M1tJJllygWwAf6QpcsvuzxBW36xC/yretE5x3vBl+0SIx3nIe\nnqkN88VrmBW7kl4aFRpYMaeme51YLFBBd5R3+2EjxIm94t/BE5Qba33suGIgOVaB\nVm0yEwKCAQBniQBPQiplXWY18xBV405qlUgvo802n+ah7NSMENWLuPkj6cRda8/9\nXDLdO77Dade0pXYSY8Q2JgWD4+FPZVPvx3lES1Sm16miUfllMjrDaqUD2rai7I+l\nydj7jvz8gz3nEVkS5Vq0S2TdU81pVQUUEJQCd0VOnZHt73773QfdpVdIk2jkW/Qi\neGe+ShxVQEXK5eQIP7R1hs/7KjYtdvUxr88qxlH1bJuqN9JzxuM33yBs+Pbo/7S6\np6Tdfx3bCI/fEywlguX5OFvYF5jhcoZfMRKWEA0/XmTxBejNsR2nN5/ZMLI/Yfdt\nF+fs36T8ti1aOxNBBeHnzIUupsyHPu5dAoIBAFUJsMvUcrvNkfdLl3/3TO+LKrp9\naQBi0FNSJQmRAs+4t1FQPKYXQD2f/FfhLX7bF99W0D7nmimeRPEmkUO7YYT2SjCi\nhORgj9iUS19tMXKC77DGj8gvLJO4IqdFxbCMo+34C08s4PYJVDTm/dnDlCT/y3Sg\nwxfcUtwnjDuiZN2mXVn8snNOyuJCb6t/AYnzE+lxvpWpfXas1aAQoWXDjbi56pQI\ntn+OrOfra/RhnQeB4IS0EjZWZVs2LssSgN7ZA+yjYZQyztOjl1Hypbw5n9iNUMPk\ncElfqZowD4wj7yEiqAwWHraRfA5DhMRn2AN0pnKuX92rIU7AcMDNLmolHEw=\n-----END RSA PRIVATE KEY-----\n",
            "content_base64": null,
            "content_base64sha256": "6Ab/BuQazsmIvVwkREkn7aqspoQeJNKlRu99oflW/Mo=",
            "content_base64sha512": "Tk3MFAuq39kZTPNVLPAOKH4gjVM9td7mTEbSBrBkWQA4/bbUHgLeq+Sqclp99aq8BuCr+Sd4rHlSTy/SmtmKEQ==",
            "content_md5": "da9d2dfa3e8d8232518af38c761592bf",
            "content_sha1": "97dd1b714dee6bcc88426ed533d0366138837c56",
            "content_sha256": "e806ff06e41acec988bd5c24444927edaaaca6841e24d2a546ef7da1f956fcca",
            "content_sha512": "4e4dcc140baadfd9194cf3552cf00e287e208d533db5dee64c46d206b064590038fdb6d41e02deabe4aa725a7df5aabc06e0abf92778ac79524f2fd29ad98a11",
            "directory_permission": "0777",
            "file_permission": "0400",
            "filename": "terraform-ec2-key.pem",
            "id": "97dd1b714dee6bcc88426ed533d0366138837c56",
            "sensitive_content": null,
            "source": null
          },
          "sensitive_attributes": [
            [
              {
                "type": "get_attr",
                "value": "sensitive_content"
              }
            ],
            [
              {
                "type": "get_attr",
                "value": "content"
              }
            ]
          ],
          "dependencies": [
            "tls_private_key.ec2_key"
          ]
        }
      ]
    },
    {
      "mode": "managed",
      "type": "tls_private_key",
      "name": "ec2_key",
      "provider": "provider[\"registry.terraform.io/hashicorp/tls\"]",
      "instances": [
        {
          "schema_version": 1,
          "attributes": {
            "algorithm": "RSA",
            "ecdsa_curve": "P224",
            "id": "33b7542ccfe7c28584d479e6d96a2ea15c470ec5",
            "private_key_openssh": "-----BEGIN OPENSSH PRIVATE KEY-----\nb3BlbnNzaC1rZXktdjEAAAAABG5vbmUAAAAEbm9uZQAAAAAAAAABAAACFwAAAAdz\nc2gtcnNhAAAAAwEAAQAAAgEAuXhR1RyoVNg0O4LXCt44QS4XX3ooaWe4njgtbC/z\nARtIfPQ5nvm43THxnKESo10QfX6MIBjXQpFrflTBD11XRLmasaM7jdr8bDZv4zfs\nLInGkCQiM4QUmFbriwrOonESg2cVuOhn417Y+qE/ToIhrZydvDnPPUwTOjowwefK\njnOMT6vWGd+e4j7IFl5aqiDk9EnycfU7LoBJL8QHyM/sSMu0atByd/LyGA1BAHGR\n4Bxs1rpFPteNUsRJXxCyVjbIRLOvSWhPV5XsjX0hvKXdYqRCw6FGIeBUFVk5/bOp\niGtVK3m85XuotlGk7aXfEt96V2AqFrHH3hJZvqgLCxOYlyVh6C6zn9/fSc6fcboJ\n8PKVqePUjKzjD+Anifn4iIyE4HoJQ4UDkDappmV9/B8Lh0RXVBtOGggvZ3u9lsd7\n3yH9FNlhqKlCECfJJpVP7ZIsq/2tndACxNczl/ORl1XiKyneymQ87NRTKxdpHhCk\nlIJi3Riu/Oh84qtnIYH9HOvNh6mhMuKZ49MR//BnOn7EdNnb/F20VP6AZ6heAiHQ\nYgPzzCG9Hw2dmG2BbX/otrTQOOr6VrilN81U4jQwh5N6P3z64CVf1mQ6B9+Hjc4i\nmY3gDE477YOiWQTzmjMXxXeFSKeI7y2E57MlcO4ReiT55w4HGp+TkQBPa1czbAVD\nv8EAAAc4Ba6PvQWuj70AAAAHc3NoLXJzYQAAAgEAuXhR1RyoVNg0O4LXCt44QS4X\nX3ooaWe4njgtbC/zARtIfPQ5nvm43THxnKESo10QfX6MIBjXQpFrflTBD11XRLma\nsaM7jdr8bDZv4zfsLInGkCQiM4QUmFbriwrOonESg2cVuOhn417Y+qE/ToIhrZyd\nvDnPPUwTOjowwefKjnOMT6vWGd+e4j7IFl5aqiDk9EnycfU7LoBJL8QHyM/sSMu0\natByd/LyGA1BAHGR4Bxs1rpFPteNUsRJXxCyVjbIRLOvSWhPV5XsjX0hvKXdYqRC\nw6FGIeBUFVk5/bOpiGtVK3m85XuotlGk7aXfEt96V2AqFrHH3hJZvqgLCxOYlyVh\n6C6zn9/fSc6fcboJ8PKVqePUjKzjD+Anifn4iIyE4HoJQ4UDkDappmV9/B8Lh0RX\nVBtOGggvZ3u9lsd73yH9FNlhqKlCECfJJpVP7ZIsq/2tndACxNczl/ORl1XiKyne\nymQ87NRTKxdpHhCklIJi3Riu/Oh84qtnIYH9HOvNh6mhMuKZ49MR//BnOn7EdNnb\n/F20VP6AZ6heAiHQYgPzzCG9Hw2dmG2BbX/otrTQOOr6VrilN81U4jQwh5N6P3z6\n4CVf1mQ6B9+Hjc4imY3gDE477YOiWQTzmjMXxXeFSKeI7y2E57MlcO4ReiT55w4H\nGp+TkQBPa1czbAVDv8EAAAADAQABAAACABMJ8mCNjgwTm50GS9vePukV+ak/6XkU\ngCOhwavq6ieRbOoCyg1zNhJix5ocAMVLTt+LB4hd9G7tbZrsyVqx6rzvzpzwlDL2\nKVZUajzpZzGVPRBb3TTrmI+g0JIX3GlZcRyTDuxJ0yxIdr6Xod+FxT5Epv6E8qyo\nrAqcoZeuGyFvZBZjndlPFsjDyBdfvS/cq5QWKTCgi2A1JA4msePf0DIS0yTp2+5L\nPqXQan1Iq0BVuqh6O5R9XREDfEKpfJ0UB4/h4BsJfaeQiNVnZHiwkB7JnN7nJcNh\ne1ArtiPAdyU9W2NYnlbyUDnS/Lq2fcU6spzYjsmAm3NE7/h92JBdBRtF2B3MvN88\nxpPr+a/CZ89yNB+tPC6HWNB8nuvc78tqdNKkWTalZYau5j/CD8bvASz54IapKXP9\nz5+EFyaNLQZUuefrpjVsl4vq6M8F/LfhonfLfd6TgI/P0aREpxKzl1fiZLpg6Qeb\nuwm0UHktJXtv29+bSJIq+ORgsYFOI9EaA0f3hI2kUot/iLjM4W+5O9+eDkAEq2ys\nDvnR8Plq7wDY/5j1C9tKX70aSYs0NHYNsvKu3JztmquboHvW9HXIGV2xqJucSICM\nVGH9JbzttdgFNYbhOc4HWw6npmKUFlrtNsmqZ/Ja4PCKslgsH4N17kbEQmllrsIp\nHVTX9Z/LVVw/AAABAFUJsMvUcrvNkfdLl3/3TO+LKrp9aQBi0FNSJQmRAs+4t1FQ\nPKYXQD2f/FfhLX7bF99W0D7nmimeRPEmkUO7YYT2SjCihORgj9iUS19tMXKC77DG\nj8gvLJO4IqdFxbCMo+34C08s4PYJVDTm/dnDlCT/y3SgwxfcUtwnjDuiZN2mXVn8\nsnNOyuJCb6t/AYnzE+lxvpWpfXas1aAQoWXDjbi56pQItn+OrOfra/RhnQeB4IS0\nEjZWZVs2LssSgN7ZA+yjYZQyztOjl1Hypbw5n9iNUMPkcElfqZowD4wj7yEiqAwW\nHraRfA5DhMRn2AN0pnKuX92rIU7AcMDNLmolHEwAAAEBAMEzB2r/907a6rziCF6A\n/gLM/H1HSpf/qXXW/WH/MfI0PcLeFkZLR8WP2QmGDEZDg+y5rEX+BF2QTfx0XDEn\nLEs9cRt9DKbyenMSuYsO/Dlm7k0qsd/sX88oduFknVYdULYSAiRU7oU/LXX8JF7z\nLwkn8rn2GpIq63iT8Z0gFjpaZj59bxlOvK6K6n3gVnYM19S24TBXDXmfFxRvT6xi\nwZ/GjAcqadS7JP0cB8PxHT/K84vlrWs/3Goo/+YSYATBpKrKR/BOKvipLLviVnC+\niL9quJcEfCq7hQ1rMA4k0bhJMOBQ2kNjGANMOouTdauNazilgU6huEy4y9PNSQZh\nW9cAAAEBAPXCGUJkVqIcG9jYzPUJhBHDKgw9KoG+g6RsulamgMZVPHrvxs2Bnfy8\n7axaiCRtEVMbRC9XYorEVz+srKNSrnjmxXRVA7XdLcQ14uDS9MvPyiJgySS6bZ3q\ng7/pYaErBqRBf62Abpya4+ma4uo7u+qdlnBLu0scgdct56oRNNHRbRM30AGHSHlR\n5G53HSnvATwZIsC09X85QmMoFgb7qrQb0uzInaik+kJPAPEont+gF9k4BTXlBBVB\nQHzzCB+oksp93pcM9R2i60DhWxRM2D0wqEwhCf1miF4B6I6CizHD8iL6orSx3PFv\nz655/+3bMNSErXYnhqBkHBFk4+y/DicAAAAAAQID\n-----END OPENSSH PRIVATE KEY-----\n",
            "private_key_pem": "-----BEGIN RSA PRIVATE KEY-----\nMIIJKAIBAAKCAgEAuXhR1RyoVNg0O4LXCt44QS4XX3ooaWe4njgtbC/zARtIfPQ5\nnvm43THxnKESo10QfX6MIBjXQpFrflTBD11XRLmasaM7jdr8bDZv4zfsLInGkCQi\nM4QUmFbriwrOonESg2cVuOhn417Y+qE/ToIhrZydvDnPPUwTOjowwefKjnOMT6vW\nGd+e4j7IFl5aqiDk9EnycfU7LoBJL8QHyM/sSMu0atByd/LyGA1BAHGR4Bxs1rpF\nPteNUsRJXxCyVjbIRLOvSWhPV5XsjX0hvKXdYqRCw6FGIeBUFVk5/bOpiGtVK3m8\n5XuotlGk7aXfEt96V2AqFrHH3hJZvqgLCxOYlyVh6C6zn9/fSc6fcboJ8PKVqePU\njKzjD+Anifn4iIyE4HoJQ4UDkDappmV9/B8Lh0RXVBtOGggvZ3u9lsd73yH9FNlh\nqKlCECfJJpVP7ZIsq/2tndACxNczl/ORl1XiKyneymQ87NRTKxdpHhCklIJi3Riu\n/Oh84qtnIYH9HOvNh6mhMuKZ49MR//BnOn7EdNnb/F20VP6AZ6heAiHQYgPzzCG9\nHw2dmG2BbX/otrTQOOr6VrilN81U4jQwh5N6P3z64CVf1mQ6B9+Hjc4imY3gDE47\n7YOiWQTzmjMXxXeFSKeI7y2E57MlcO4ReiT55w4HGp+TkQBPa1czbAVDv8ECAwEA\nAQKCAgATCfJgjY4ME5udBkvb3j7pFfmpP+l5FIAjocGr6uonkWzqAsoNczYSYsea\nHADFS07fiweIXfRu7W2a7Mlaseq8786c8JQy9ilWVGo86WcxlT0QW90065iPoNCS\nF9xpWXEckw7sSdMsSHa+l6HfhcU+RKb+hPKsqKwKnKGXrhshb2QWY53ZTxbIw8gX\nX70v3KuUFikwoItgNSQOJrHj39AyEtMk6dvuSz6l0Gp9SKtAVbqoejuUfV0RA3xC\nqXydFAeP4eAbCX2nkIjVZ2R4sJAeyZze5yXDYXtQK7YjwHclPVtjWJ5W8lA50vy6\ntn3FOrKc2I7JgJtzRO/4fdiQXQUbRdgdzLzfPMaT6/mvwmfPcjQfrTwuh1jQfJ7r\n3O/LanTSpFk2pWWGruY/wg/G7wEs+eCGqSlz/c+fhBcmjS0GVLnn66Y1bJeL6ujP\nBfy34aJ3y33ek4CPz9GkRKcSs5dX4mS6YOkHm7sJtFB5LSV7b9vfm0iSKvjkYLGB\nTiPRGgNH94SNpFKLf4i4zOFvuTvfng5ABKtsrA750fD5au8A2P+Y9QvbSl+9GkmL\nNDR2DbLyrtyc7Zqrm6B71vR1yBldsaibnEiAjFRh/SW87bXYBTWG4TnOB1sOp6Zi\nlBZa7TbJqmfyWuDwirJYLB+Dde5GxEJpZa7CKR1U1/Wfy1VcPwKCAQEAwTMHav/3\nTtrqvOIIXoD+Asz8fUdKl/+pddb9Yf8x8jQ9wt4WRktHxY/ZCYYMRkOD7LmsRf4E\nXZBN/HRcMScsSz1xG30MpvJ6cxK5iw78OWbuTSqx3+xfzyh24WSdVh1QthICJFTu\nhT8tdfwkXvMvCSfyufYakirreJPxnSAWOlpmPn1vGU68rorqfeBWdgzX1LbhMFcN\neZ8XFG9PrGLBn8aMBypp1Lsk/RwHw/EdP8rzi+Wtaz/caij/5hJgBMGkqspH8E4q\n+Kksu+JWcL6Iv2q4lwR8KruFDWswDiTRuEkw4FDaQ2MYA0w6i5N1q41rOKWBTqG4\nTLjL081JBmFb1wKCAQEA9cIZQmRWohwb2NjM9QmEEcMqDD0qgb6DpGy6VqaAxlU8\neu/GzYGd/LztrFqIJG0RUxtEL1diisRXP6yso1KueObFdFUDtd0txDXi4NL0y8/K\nImDJJLptneqDv+lhoSsGpEF/rYBunJrj6Zri6ju76p2WcEu7SxyB1y3nqhE00dFt\nEzfQAYdIeVHkbncdKe8BPBkiwLT1fzlCYygWBvuqtBvS7MidqKT6Qk8A8Sie36AX\n2TgFNeUEFUFAfPMIH6iSyn3elwz1HaLrQOFbFEzYPTCoTCEJ/WaIXgHojoKLMcPy\nIvqitLHc8W/Prnn/7dsw1IStdieGoGQcEWTj7L8OJwKCAQEAh7ttG7xnKExfHIKE\ntLhVPOx8+xsKCg3BJZv8ekvK8EnJlk1nQs2CyAbOyYUWvIqUdczgfm/+6ykF0TaC\nyrmlwdqRy2koaWXzp0LhfhPyGfX5t9cmDpbHnQfltWZ1r1l7Kd8vCA1vYcfIDZsu\nhlK9meYp/oIrmsNymUz/M4+mbiqyqHaBhjsuDkZkhjkFJXzSaYxuWwLd4bNmiKHH\nTOo49CKOoD4pCh7M1tJJllygWwAf6QpcsvuzxBW36xC/yretE5x3vBl+0SIx3nIe\nnqkN88VrmBW7kl4aFRpYMaeme51YLFBBd5R3+2EjxIm94t/BE5Qba33suGIgOVaB\nVm0yEwKCAQBniQBPQiplXWY18xBV405qlUgvo802n+ah7NSMENWLuPkj6cRda8/9\nXDLdO77Dade0pXYSY8Q2JgWD4+FPZVPvx3lES1Sm16miUfllMjrDaqUD2rai7I+l\nydj7jvz8gz3nEVkS5Vq0S2TdU81pVQUUEJQCd0VOnZHt73773QfdpVdIk2jkW/Qi\neGe+ShxVQEXK5eQIP7R1hs/7KjYtdvUxr88qxlH1bJuqN9JzxuM33yBs+Pbo/7S6\np6Tdfx3bCI/fEywlguX5OFvYF5jhcoZfMRKWEA0/XmTxBejNsR2nN5/ZMLI/Yfdt\nF+fs36T8ti1aOxNBBeHnzIUupsyHPu5dAoIBAFUJsMvUcrvNkfdLl3/3TO+LKrp9\naQBi0FNSJQmRAs+4t1FQPKYXQD2f/FfhLX7bF99W0D7nmimeRPEmkUO7YYT2SjCi\nhORgj9iUS19tMXKC77DGj8gvLJO4IqdFxbCMo+34C08s4PYJVDTm/dnDlCT/y3Sg\nwxfcUtwnjDuiZN2mXVn8snNOyuJCb6t/AYnzE+lxvpWpfXas1aAQoWXDjbi56pQI\ntn+OrOfra/RhnQeB4IS0EjZWZVs2LssSgN7ZA+yjYZQyztOjl1Hypbw5n9iNUMPk\ncElfqZowD4wj7yEiqAwWHraRfA5DhMRn2AN0pnKuX92rIU7AcMDNLmolHEw=\n-----END RSA PRIVATE KEY-----\n",
            "private_key_pem_pkcs8": "-----BEGIN PRIVATE KEY-----\nMIIJQgIBADANBgkqhkiG9w0BAQEFAASCCSwwggkoAgEAAoICAQC5eFHVHKhU2DQ7\ngtcK3jhBLhdfeihpZ7ieOC1sL/MBG0h89Dme+bjdMfGcoRKjXRB9fowgGNdCkWt+\nVMEPXVdEuZqxozuN2vxsNm/jN+wsicaQJCIzhBSYVuuLCs6icRKDZxW46GfjXtj6\noT9OgiGtnJ28Oc89TBM6OjDB58qOc4xPq9YZ357iPsgWXlqqIOT0SfJx9TsugEkv\nxAfIz+xIy7Rq0HJ38vIYDUEAcZHgHGzWukU+141SxElfELJWNshEs69JaE9XleyN\nfSG8pd1ipELDoUYh4FQVWTn9s6mIa1Urebzle6i2UaTtpd8S33pXYCoWscfeElm+\nqAsLE5iXJWHoLrOf399Jzp9xugnw8pWp49SMrOMP4CeJ+fiIjITgeglDhQOQNqmm\nZX38HwuHRFdUG04aCC9ne72Wx3vfIf0U2WGoqUIQJ8kmlU/tkiyr/a2d0ALE1zOX\n85GXVeIrKd7KZDzs1FMrF2keEKSUgmLdGK786Hziq2chgf0c682HqaEy4pnj0xH/\n8Gc6fsR02dv8XbRU/oBnqF4CIdBiA/PMIb0fDZ2YbYFtf+i2tNA46vpWuKU3zVTi\nNDCHk3o/fPrgJV/WZDoH34eNziKZjeAMTjvtg6JZBPOaMxfFd4VIp4jvLYTnsyVw\n7hF6JPnnDgcan5ORAE9rVzNsBUO/wQIDAQABAoICABMJ8mCNjgwTm50GS9vePukV\n+ak/6XkUgCOhwavq6ieRbOoCyg1zNhJix5ocAMVLTt+LB4hd9G7tbZrsyVqx6rzv\nzpzwlDL2KVZUajzpZzGVPRBb3TTrmI+g0JIX3GlZcRyTDuxJ0yxIdr6Xod+FxT5E\npv6E8qyorAqcoZeuGyFvZBZjndlPFsjDyBdfvS/cq5QWKTCgi2A1JA4msePf0DIS\n0yTp2+5LPqXQan1Iq0BVuqh6O5R9XREDfEKpfJ0UB4/h4BsJfaeQiNVnZHiwkB7J\nnN7nJcNhe1ArtiPAdyU9W2NYnlbyUDnS/Lq2fcU6spzYjsmAm3NE7/h92JBdBRtF\n2B3MvN88xpPr+a/CZ89yNB+tPC6HWNB8nuvc78tqdNKkWTalZYau5j/CD8bvASz5\n4IapKXP9z5+EFyaNLQZUuefrpjVsl4vq6M8F/LfhonfLfd6TgI/P0aREpxKzl1fi\nZLpg6Qebuwm0UHktJXtv29+bSJIq+ORgsYFOI9EaA0f3hI2kUot/iLjM4W+5O9+e\nDkAEq2ysDvnR8Plq7wDY/5j1C9tKX70aSYs0NHYNsvKu3JztmquboHvW9HXIGV2x\nqJucSICMVGH9JbzttdgFNYbhOc4HWw6npmKUFlrtNsmqZ/Ja4PCKslgsH4N17kbE\nQmllrsIpHVTX9Z/LVVw/AoIBAQDBMwdq//dO2uq84ghegP4CzPx9R0qX/6l11v1h\n/zHyND3C3hZGS0fFj9kJhgxGQ4PsuaxF/gRdkE38dFwxJyxLPXEbfQym8npzErmL\nDvw5Zu5NKrHf7F/PKHbhZJ1WHVC2EgIkVO6FPy11/CRe8y8JJ/K59hqSKut4k/Gd\nIBY6WmY+fW8ZTryuiup94FZ2DNfUtuEwVw15nxcUb0+sYsGfxowHKmnUuyT9HAfD\n8R0/yvOL5a1rP9xqKP/mEmAEwaSqykfwTir4qSy74lZwvoi/ariXBHwqu4UNazAO\nJNG4STDgUNpDYxgDTDqLk3WrjWs4pYFOobhMuMvTzUkGYVvXAoIBAQD1whlCZFai\nHBvY2Mz1CYQRwyoMPSqBvoOkbLpWpoDGVTx678bNgZ38vO2sWogkbRFTG0QvV2KK\nxFc/rKyjUq545sV0VQO13S3ENeLg0vTLz8oiYMkkum2d6oO/6WGhKwakQX+tgG6c\nmuPpmuLqO7vqnZZwS7tLHIHXLeeqETTR0W0TN9ABh0h5UeRudx0p7wE8GSLAtPV/\nOUJjKBYG+6q0G9LsyJ2opPpCTwDxKJ7foBfZOAU15QQVQUB88wgfqJLKfd6XDPUd\noutA4VsUTNg9MKhMIQn9ZoheAeiOgosxw/Ii+qK0sdzxb8+uef/t2zDUhK12J4ag\nZBwRZOPsvw4nAoIBAQCHu20bvGcoTF8cgoS0uFU87Hz7GwoKDcElm/x6S8rwScmW\nTWdCzYLIBs7JhRa8ipR1zOB+b/7rKQXRNoLKuaXB2pHLaShpZfOnQuF+E/IZ9fm3\n1yYOlsedB+W1ZnWvWXsp3y8IDW9hx8gNmy6GUr2Z5in+giuaw3KZTP8zj6ZuKrKo\ndoGGOy4ORmSGOQUlfNJpjG5bAt3hs2aIocdM6jj0Io6gPikKHszW0kmWXKBbAB/p\nClyy+7PEFbfrEL/Kt60TnHe8GX7RIjHech6eqQ3zxWuYFbuSXhoVGlgxp6Z7nVgs\nUEF3lHf7YSPEib3i38ETlBtrfey4YiA5VoFWbTITAoIBAGeJAE9CKmVdZjXzEFXj\nTmqVSC+jzTaf5qHs1IwQ1Yu4+SPpxF1rz/1cMt07vsNp17SldhJjxDYmBYPj4U9l\nU+/HeURLVKbXqaJR+WUyOsNqpQPatqLsj6XJ2PuO/PyDPecRWRLlWrRLZN1TzWlV\nBRQQlAJ3RU6dke3vfvvdB92lV0iTaORb9CJ4Z75KHFVARcrl5Ag/tHWGz/sqNi12\n9TGvzyrGUfVsm6o30nPG4zffIGz49uj/tLqnpN1/HdsIj98TLCWC5fk4W9gXmOFy\nhl8xEpYQDT9eZPEF6M2xHac3n9kwsj9h920X5+zfpPy2LVo7E0EF4efMhS6mzIc+\n7l0CggEAVQmwy9Ryu82R90uXf/dM74squn1pAGLQU1IlCZECz7i3UVA8phdAPZ/8\nV+EtftsX31bQPueaKZ5E8SaRQ7thhPZKMKKE5GCP2JRLX20xcoLvsMaPyC8sk7gi\np0XFsIyj7fgLTyzg9glUNOb92cOUJP/LdKDDF9xS3CeMO6Jk3aZdWfyyc07K4kJv\nq38BifMT6XG+lal9dqzVoBChZcONuLnqlAi2f46s5+tr9GGdB4HghLQSNlZlWzYu\nyxKA3tkD7KNhlDLO06OXUfKlvDmf2I1Qw+RwSV+pmjAPjCPvISKoDBYetpF8DkOE\nxGfYA3Smcq5f3ashTsBwwM0uaiUcTA==\n-----END PRIVATE KEY-----\n",
            "public_key_fingerprint_md5": "b1:67:70:8f:0c:fa:3b:6e:a2:e5:59:4b:a5:83:d3:0a",
            "public_key_fingerprint_sha256": "SHA256:U6piAFiOdjg7u6zY+1ihXK5cteZS1xQqekpuYZ0ZZHw",
            "public_key_openssh": "ssh-rsa AAAAB3NzaC1yc2EAAAADAQABAAACAQC5eFHVHKhU2DQ7gtcK3jhBLhdfeihpZ7ieOC1sL/MBG0h89Dme+bjdMfGcoRKjXRB9fowgGNdCkWt+VMEPXVdEuZqxozuN2vxsNm/jN+wsicaQJCIzhBSYVuuLCs6icRKDZxW46GfjXtj6oT9OgiGtnJ28Oc89TBM6OjDB58qOc4xPq9YZ357iPsgWXlqqIOT0SfJx9TsugEkvxAfIz+xIy7Rq0HJ38vIYDUEAcZHgHGzWukU+141SxElfELJWNshEs69JaE9XleyNfSG8pd1ipELDoUYh4FQVWTn9s6mIa1Urebzle6i2UaTtpd8S33pXYCoWscfeElm+qAsLE5iXJWHoLrOf399Jzp9xugnw8pWp49SMrOMP4CeJ+fiIjITgeglDhQOQNqmmZX38HwuHRFdUG04aCC9ne72Wx3vfIf0U2WGoqUIQJ8kmlU/tkiyr/a2d0ALE1zOX85GXVeIrKd7KZDzs1FMrF2keEKSUgmLdGK786Hziq2chgf0c682HqaEy4pnj0xH/8Gc6fsR02dv8XbRU/oBnqF4CIdBiA/PMIb0fDZ2YbYFtf+i2tNA46vpWuKU3zVTiNDCHk3o/fPrgJV/WZDoH34eNziKZjeAMTjvtg6JZBPOaMxfFd4VIp4jvLYTnsyVw7hF6JPnnDgcan5ORAE9rVzNsBUO/wQ==\n",
            "public_key_pem": "-----BEGIN PUBLIC KEY-----\nMIICIjANBgkqhkiG9w0BAQEFAAOCAg8AMIICCgKCAgEAuXhR1RyoVNg0O4LXCt44\nQS4XX3ooaWe4njgtbC/zARtIfPQ5nvm43THxnKESo10QfX6MIBjXQpFrflTBD11X\nRLmasaM7jdr8bDZv4zfsLInGkCQiM4QUmFbriwrOonESg2cVuOhn417Y+qE/ToIh\nrZydvDnPPUwTOjowwefKjnOMT6vWGd+e4j7IFl5aqiDk9EnycfU7LoBJL8QHyM/s\nSMu0atByd/LyGA1BAHGR4Bxs1rpFPteNUsRJXxCyVjbIRLOvSWhPV5XsjX0hvKXd\nYqRCw6FGIeBUFVk5/bOpiGtVK3m85XuotlGk7aXfEt96V2AqFrHH3hJZvqgLCxOY\nlyVh6C6zn9/fSc6fcboJ8PKVqePUjKzjD+Anifn4iIyE4HoJQ4UDkDappmV9/B8L\nh0RXVBtOGggvZ3u9lsd73yH9FNlhqKlCECfJJpVP7ZIsq/2tndACxNczl/ORl1Xi\nKyneymQ87NRTKxdpHhCklIJi3Riu/Oh84qtnIYH9HOvNh6mhMuKZ49MR//BnOn7E\ndNnb/F20VP6AZ6heAiHQYgPzzCG9Hw2dmG2BbX/otrTQOOr6VrilN81U4jQwh5N6\nP3z64CVf1mQ6B9+Hjc4imY3gDE477YOiWQTzmjMXxXeFSKeI7y2E57MlcO4ReiT5\n5w4HGp+TkQBPa1czbAVDv8ECAwEAAQ==\n-----END PUBLIC KEY-----\n",
            "rsa_bits": 4096
          },
          "sensitive_attributes": [
            [
              {
                "type": "get_attr",
                "value": "private_key_openssh"
              }
            ],
            [
              {
                "type": "get_attr",
                "value": "private_key_pem_pkcs8"
              }
            ],
            [
              {
                "type": "get_attr",
                "value": "private_key_pem"
              }
            ]
          ]
        }
      ]
    }
  ],
  "check_results": null
}
